// !$*UTF8*$!
{
	archiveVersion = 1;
	classes = {
	};
	objectVersion = 50;
	objects = {

/* Begin PBXBuildFile section */
		5843E0E42467A4C500E82E90 /* ParameterEncoder.swift in Sources */ = {isa = PBXBuildFile; fileRef = 5843E0D72467A4C500E82E90 /* ParameterEncoder.swift */; };
		5843E0E52467A4C500E82E90 /* URLParameterEncoder.swift in Sources */ = {isa = PBXBuildFile; fileRef = 5843E0D82467A4C500E82E90 /* URLParameterEncoder.swift */; };
		5843E0E62467A4C500E82E90 /* JSONParameterEncoder.swift in Sources */ = {isa = PBXBuildFile; fileRef = 5843E0D92467A4C500E82E90 /* JSONParameterEncoder.swift */; };
		5843E0E72467A4C500E82E90 /* EndPoint.swift in Sources */ = {isa = PBXBuildFile; fileRef = 5843E0DB2467A4C500E82E90 /* EndPoint.swift */; };
		5843E0E82467A4C500E82E90 /* HTTPTask.swift in Sources */ = {isa = PBXBuildFile; fileRef = 5843E0DD2467A4C500E82E90 /* HTTPTask.swift */; };
		5843E0E92467A4C500E82E90 /* ServiceLayer.swift in Sources */ = {isa = PBXBuildFile; fileRef = 5843E0DE2467A4C500E82E90 /* ServiceLayer.swift */; };
		5843E0EA2467A4C500E82E90 /* NetworkResponse.swift in Sources */ = {isa = PBXBuildFile; fileRef = 5843E0DF2467A4C500E82E90 /* NetworkResponse.swift */; };
		5843E0EB2467A4C500E82E90 /* HTTPMethod.swift in Sources */ = {isa = PBXBuildFile; fileRef = 5843E0E02467A4C500E82E90 /* HTTPMethod.swift */; };
		5843E0EC2467A4C500E82E90 /* EndPointType.swift in Sources */ = {isa = PBXBuildFile; fileRef = 5843E0E12467A4C500E82E90 /* EndPointType.swift */; };
		5843E0ED2467A4C500E82E90 /* Router.swift in Sources */ = {isa = PBXBuildFile; fileRef = 5843E0E32467A4C500E82E90 /* Router.swift */; };
		5843E0FD2467A68E00E82E90 /* HTTPURLResponse+Extensions.swift in Sources */ = {isa = PBXBuildFile; fileRef = 5843E0F52467A68E00E82E90 /* HTTPURLResponse+Extensions.swift */; };
		5843E1012467A6D500E82E90 /* Encodable.swift in Sources */ = {isa = PBXBuildFile; fileRef = 5843E1002467A6D500E82E90 /* Encodable.swift */; };
		5843E1052467A89E00E82E90 /* Feed.swift in Sources */ = {isa = PBXBuildFile; fileRef = 5843E1042467A89E00E82E90 /* Feed.swift */; };
		5843E1072467A91700E82E90 /* User.swift in Sources */ = {isa = PBXBuildFile; fileRef = 5843E1062467A91700E82E90 /* User.swift */; };
		585D9A7D24657580002C8012 /* AppDelegate.swift in Sources */ = {isa = PBXBuildFile; fileRef = 585D9A7C24657580002C8012 /* AppDelegate.swift */; };
		585D9A7F24657580002C8012 /* SceneDelegate.swift in Sources */ = {isa = PBXBuildFile; fileRef = 585D9A7E24657580002C8012 /* SceneDelegate.swift */; };
		585D9A8124657580002C8012 /* ViewController.swift in Sources */ = {isa = PBXBuildFile; fileRef = 585D9A8024657580002C8012 /* ViewController.swift */; };
		585D9A8424657580002C8012 /* Main.storyboard in Resources */ = {isa = PBXBuildFile; fileRef = 585D9A8224657580002C8012 /* Main.storyboard */; };
		585D9A8624657583002C8012 /* Assets.xcassets in Resources */ = {isa = PBXBuildFile; fileRef = 585D9A8524657583002C8012 /* Assets.xcassets */; };
		585D9A8924657583002C8012 /* LaunchScreen.storyboard in Resources */ = {isa = PBXBuildFile; fileRef = 585D9A8724657583002C8012 /* LaunchScreen.storyboard */; };
		585D9A9424657584002C8012 /* DoggiesAppTests.swift in Sources */ = {isa = PBXBuildFile; fileRef = 585D9A9324657584002C8012 /* DoggiesAppTests.swift */; };
		585D9A9F24657584002C8012 /* DoggiesAppUITests.swift in Sources */ = {isa = PBXBuildFile; fileRef = 585D9A9E24657584002C8012 /* DoggiesAppUITests.swift */; };
/* End PBXBuildFile section */

/* Begin PBXContainerItemProxy section */
		585D9A9024657584002C8012 /* PBXContainerItemProxy */ = {
			isa = PBXContainerItemProxy;
			containerPortal = 585D9A7124657580002C8012 /* Project object */;
			proxyType = 1;
			remoteGlobalIDString = 585D9A7824657580002C8012;
			remoteInfo = DoggiesApp;
		};
		585D9A9B24657584002C8012 /* PBXContainerItemProxy */ = {
			isa = PBXContainerItemProxy;
			containerPortal = 585D9A7124657580002C8012 /* Project object */;
			proxyType = 1;
			remoteGlobalIDString = 585D9A7824657580002C8012;
			remoteInfo = DoggiesApp;
		};
/* End PBXContainerItemProxy section */

/* Begin PBXFileReference section */
		5843E0D72467A4C500E82E90 /* ParameterEncoder.swift */ = {isa = PBXFileReference; fileEncoding = 4; lastKnownFileType = sourcecode.swift; path = ParameterEncoder.swift; sourceTree = "<group>"; };
		5843E0D82467A4C500E82E90 /* URLParameterEncoder.swift */ = {isa = PBXFileReference; fileEncoding = 4; lastKnownFileType = sourcecode.swift; path = URLParameterEncoder.swift; sourceTree = "<group>"; };
		5843E0D92467A4C500E82E90 /* JSONParameterEncoder.swift */ = {isa = PBXFileReference; fileEncoding = 4; lastKnownFileType = sourcecode.swift; path = JSONParameterEncoder.swift; sourceTree = "<group>"; };
		5843E0DB2467A4C500E82E90 /* EndPoint.swift */ = {isa = PBXFileReference; fileEncoding = 4; lastKnownFileType = sourcecode.swift; path = EndPoint.swift; sourceTree = "<group>"; };
		5843E0DD2467A4C500E82E90 /* HTTPTask.swift */ = {isa = PBXFileReference; fileEncoding = 4; lastKnownFileType = sourcecode.swift; path = HTTPTask.swift; sourceTree = "<group>"; };
		5843E0DE2467A4C500E82E90 /* ServiceLayer.swift */ = {isa = PBXFileReference; fileEncoding = 4; lastKnownFileType = sourcecode.swift; path = ServiceLayer.swift; sourceTree = "<group>"; };
		5843E0DF2467A4C500E82E90 /* NetworkResponse.swift */ = {isa = PBXFileReference; fileEncoding = 4; lastKnownFileType = sourcecode.swift; path = NetworkResponse.swift; sourceTree = "<group>"; };
		5843E0E02467A4C500E82E90 /* HTTPMethod.swift */ = {isa = PBXFileReference; fileEncoding = 4; lastKnownFileType = sourcecode.swift; path = HTTPMethod.swift; sourceTree = "<group>"; };
		5843E0E12467A4C500E82E90 /* EndPointType.swift */ = {isa = PBXFileReference; fileEncoding = 4; lastKnownFileType = sourcecode.swift; path = EndPointType.swift; sourceTree = "<group>"; };
		5843E0E32467A4C500E82E90 /* Router.swift */ = {isa = PBXFileReference; fileEncoding = 4; lastKnownFileType = sourcecode.swift; path = Router.swift; sourceTree = "<group>"; };
		5843E0F52467A68E00E82E90 /* HTTPURLResponse+Extensions.swift */ = {isa = PBXFileReference; fileEncoding = 4; lastKnownFileType = sourcecode.swift; path = "HTTPURLResponse+Extensions.swift"; sourceTree = "<group>"; };
		5843E1002467A6D500E82E90 /* Encodable.swift */ = {isa = PBXFileReference; fileEncoding = 4; lastKnownFileType = sourcecode.swift; path = Encodable.swift; sourceTree = "<group>"; };
		5843E1042467A89E00E82E90 /* Feed.swift */ = {isa = PBXFileReference; lastKnownFileType = sourcecode.swift; path = Feed.swift; sourceTree = "<group>"; };
		5843E1062467A91700E82E90 /* User.swift */ = {isa = PBXFileReference; lastKnownFileType = sourcecode.swift; path = User.swift; sourceTree = "<group>"; };
		585D9A7924657580002C8012 /* DoggiesApp.app */ = {isa = PBXFileReference; explicitFileType = wrapper.application; includeInIndex = 0; path = DoggiesApp.app; sourceTree = BUILT_PRODUCTS_DIR; };
		585D9A7C24657580002C8012 /* AppDelegate.swift */ = {isa = PBXFileReference; lastKnownFileType = sourcecode.swift; path = AppDelegate.swift; sourceTree = "<group>"; };
		585D9A7E24657580002C8012 /* SceneDelegate.swift */ = {isa = PBXFileReference; lastKnownFileType = sourcecode.swift; path = SceneDelegate.swift; sourceTree = "<group>"; };
		585D9A8024657580002C8012 /* ViewController.swift */ = {isa = PBXFileReference; lastKnownFileType = sourcecode.swift; path = ViewController.swift; sourceTree = "<group>"; };
		585D9A8324657580002C8012 /* Base */ = {isa = PBXFileReference; lastKnownFileType = file.storyboard; name = Base; path = Base.lproj/Main.storyboard; sourceTree = "<group>"; };
		585D9A8524657583002C8012 /* Assets.xcassets */ = {isa = PBXFileReference; lastKnownFileType = folder.assetcatalog; path = Assets.xcassets; sourceTree = "<group>"; };
		585D9A8824657583002C8012 /* Base */ = {isa = PBXFileReference; lastKnownFileType = file.storyboard; name = Base; path = Base.lproj/LaunchScreen.storyboard; sourceTree = "<group>"; };
		585D9A8A24657583002C8012 /* Info.plist */ = {isa = PBXFileReference; lastKnownFileType = text.plist.xml; path = Info.plist; sourceTree = "<group>"; };
		585D9A8F24657584002C8012 /* DoggiesAppTests.xctest */ = {isa = PBXFileReference; explicitFileType = wrapper.cfbundle; includeInIndex = 0; path = DoggiesAppTests.xctest; sourceTree = BUILT_PRODUCTS_DIR; };
		585D9A9324657584002C8012 /* DoggiesAppTests.swift */ = {isa = PBXFileReference; lastKnownFileType = sourcecode.swift; path = DoggiesAppTests.swift; sourceTree = "<group>"; };
		585D9A9524657584002C8012 /* Info.plist */ = {isa = PBXFileReference; lastKnownFileType = text.plist.xml; path = Info.plist; sourceTree = "<group>"; };
		585D9A9A24657584002C8012 /* DoggiesAppUITests.xctest */ = {isa = PBXFileReference; explicitFileType = wrapper.cfbundle; includeInIndex = 0; path = DoggiesAppUITests.xctest; sourceTree = BUILT_PRODUCTS_DIR; };
		585D9A9E24657584002C8012 /* DoggiesAppUITests.swift */ = {isa = PBXFileReference; lastKnownFileType = sourcecode.swift; path = DoggiesAppUITests.swift; sourceTree = "<group>"; };
		585D9AA024657584002C8012 /* Info.plist */ = {isa = PBXFileReference; lastKnownFileType = text.plist.xml; path = Info.plist; sourceTree = "<group>"; };
/* End PBXFileReference section */

/* Begin PBXFrameworksBuildPhase section */
		585D9A7624657580002C8012 /* Frameworks */ = {
			isa = PBXFrameworksBuildPhase;
			buildActionMask = 2147483647;
			files = (
			);
			runOnlyForDeploymentPostprocessing = 0;
		};
		585D9A8C24657584002C8012 /* Frameworks */ = {
			isa = PBXFrameworksBuildPhase;
			buildActionMask = 2147483647;
			files = (
			);
			runOnlyForDeploymentPostprocessing = 0;
		};
		585D9A9724657584002C8012 /* Frameworks */ = {
			isa = PBXFrameworksBuildPhase;
			buildActionMask = 2147483647;
			files = (
			);
			runOnlyForDeploymentPostprocessing = 0;
		};
/* End PBXFrameworksBuildPhase section */

/* Begin PBXGroup section */
		5843E0D52467A4C500E82E90 /* Networking */ = {
			isa = PBXGroup;
			children = (
				5843E0D62467A4C500E82E90 /* Encoding */,
				5843E0DA2467A4C500E82E90 /* EndPoint */,
				5843E0DC2467A4C500E82E90 /* Service */,
				5843E0E22467A4C500E82E90 /* Routes */,
			);
			path = Networking;
			sourceTree = "<group>";
		};
		5843E0D62467A4C500E82E90 /* Encoding */ = {
			isa = PBXGroup;
			children = (
				5843E0D72467A4C500E82E90 /* ParameterEncoder.swift */,
				5843E0D82467A4C500E82E90 /* URLParameterEncoder.swift */,
				5843E0D92467A4C500E82E90 /* JSONParameterEncoder.swift */,
			);
			path = Encoding;
			sourceTree = "<group>";
		};
		5843E0DA2467A4C500E82E90 /* EndPoint */ = {
			isa = PBXGroup;
			children = (
				5843E0DB2467A4C500E82E90 /* EndPoint.swift */,
			);
			path = EndPoint;
			sourceTree = "<group>";
		};
		5843E0DC2467A4C500E82E90 /* Service */ = {
			isa = PBXGroup;
			children = (
				5843E0DD2467A4C500E82E90 /* HTTPTask.swift */,
				5843E0DE2467A4C500E82E90 /* ServiceLayer.swift */,
				5843E0DF2467A4C500E82E90 /* NetworkResponse.swift */,
				5843E0E02467A4C500E82E90 /* HTTPMethod.swift */,
				5843E0E12467A4C500E82E90 /* EndPointType.swift */,
			);
			path = Service;
			sourceTree = "<group>";
		};
		5843E0E22467A4C500E82E90 /* Routes */ = {
			isa = PBXGroup;
			children = (
				5843E0E32467A4C500E82E90 /* Router.swift */,
			);
			path = Routes;
			sourceTree = "<group>";
		};
		5843E0EE2467A68E00E82E90 /* Utility */ = {
			isa = PBXGroup;
			children = (
				5843E0F02467A68E00E82E90 /* Extension */,
			);
			path = Utility;
			sourceTree = "<group>";
		};
		5843E0F02467A68E00E82E90 /* Extension */ = {
			isa = PBXGroup;
			children = (
				5843E1002467A6D500E82E90 /* Encodable.swift */,
				5843E0F52467A68E00E82E90 /* HTTPURLResponse+Extensions.swift */,
			);
			path = Extension;
			sourceTree = "<group>";
		};
		5843E1032467A84F00E82E90 /* Models */ = {
			isa = PBXGroup;
			children = (
				5843E1042467A89E00E82E90 /* Feed.swift */,
				5843E1062467A91700E82E90 /* User.swift */,
			);
			path = Models;
			sourceTree = "<group>";
		};
		585D9A7024657580002C8012 = {
			isa = PBXGroup;
			children = (
				585D9A7B24657580002C8012 /* DoggiesApp */,
				585D9A9224657584002C8012 /* DoggiesAppTests */,
				585D9A9D24657584002C8012 /* DoggiesAppUITests */,
				585D9A7A24657580002C8012 /* Products */,
			);
			sourceTree = "<group>";
		};
		585D9A7A24657580002C8012 /* Products */ = {
			isa = PBXGroup;
			children = (
				585D9A7924657580002C8012 /* DoggiesApp.app */,
				585D9A8F24657584002C8012 /* DoggiesAppTests.xctest */,
				585D9A9A24657584002C8012 /* DoggiesAppUITests.xctest */,
			);
			name = Products;
			sourceTree = "<group>";
		};
		585D9A7B24657580002C8012 /* DoggiesApp */ = {
			isa = PBXGroup;
			children = (
				5843E1032467A84F00E82E90 /* Models */,
				585D9A7C24657580002C8012 /* AppDelegate.swift */,
				585D9A7E24657580002C8012 /* SceneDelegate.swift */,
				585D9A8024657580002C8012 /* ViewController.swift */,
				5843E0EE2467A68E00E82E90 /* Utility */,
				5843E0D52467A4C500E82E90 /* Networking */,
				585D9A8224657580002C8012 /* Main.storyboard */,
				585D9A8524657583002C8012 /* Assets.xcassets */,
				585D9A8724657583002C8012 /* LaunchScreen.storyboard */,
				585D9A8A24657583002C8012 /* Info.plist */,
			);
			path = DoggiesApp;
			sourceTree = "<group>";
		};
		585D9A9224657584002C8012 /* DoggiesAppTests */ = {
			isa = PBXGroup;
			children = (
				585D9A9324657584002C8012 /* DoggiesAppTests.swift */,
				585D9A9524657584002C8012 /* Info.plist */,
			);
			path = DoggiesAppTests;
			sourceTree = "<group>";
		};
		585D9A9D24657584002C8012 /* DoggiesAppUITests */ = {
			isa = PBXGroup;
			children = (
				585D9A9E24657584002C8012 /* DoggiesAppUITests.swift */,
				585D9AA024657584002C8012 /* Info.plist */,
			);
			path = DoggiesAppUITests;
			sourceTree = "<group>";
		};
/* End PBXGroup section */

/* Begin PBXNativeTarget section */
		585D9A7824657580002C8012 /* DoggiesApp */ = {
			isa = PBXNativeTarget;
			buildConfigurationList = 585D9AA324657584002C8012 /* Build configuration list for PBXNativeTarget "DoggiesApp" */;
			buildPhases = (
				585D9A7524657580002C8012 /* Sources */,
				585D9A7624657580002C8012 /* Frameworks */,
				585D9A7724657580002C8012 /* Resources */,
			);
			buildRules = (
			);
			dependencies = (
			);
			name = DoggiesApp;
			productName = DoggiesApp;
			productReference = 585D9A7924657580002C8012 /* DoggiesApp.app */;
			productType = "com.apple.product-type.application";
		};
		585D9A8E24657584002C8012 /* DoggiesAppTests */ = {
			isa = PBXNativeTarget;
			buildConfigurationList = 585D9AA624657584002C8012 /* Build configuration list for PBXNativeTarget "DoggiesAppTests" */;
			buildPhases = (
				585D9A8B24657584002C8012 /* Sources */,
				585D9A8C24657584002C8012 /* Frameworks */,
				585D9A8D24657584002C8012 /* Resources */,
			);
			buildRules = (
			);
			dependencies = (
				585D9A9124657584002C8012 /* PBXTargetDependency */,
			);
			name = DoggiesAppTests;
			productName = DoggiesAppTests;
			productReference = 585D9A8F24657584002C8012 /* DoggiesAppTests.xctest */;
			productType = "com.apple.product-type.bundle.unit-test";
		};
		585D9A9924657584002C8012 /* DoggiesAppUITests */ = {
			isa = PBXNativeTarget;
			buildConfigurationList = 585D9AA924657584002C8012 /* Build configuration list for PBXNativeTarget "DoggiesAppUITests" */;
			buildPhases = (
				585D9A9624657584002C8012 /* Sources */,
				585D9A9724657584002C8012 /* Frameworks */,
				585D9A9824657584002C8012 /* Resources */,
			);
			buildRules = (
			);
			dependencies = (
				585D9A9C24657584002C8012 /* PBXTargetDependency */,
			);
			name = DoggiesAppUITests;
			productName = DoggiesAppUITests;
			productReference = 585D9A9A24657584002C8012 /* DoggiesAppUITests.xctest */;
			productType = "com.apple.product-type.bundle.ui-testing";
		};
/* End PBXNativeTarget section */

/* Begin PBXProject section */
		585D9A7124657580002C8012 /* Project object */ = {
			isa = PBXProject;
			attributes = {
				LastSwiftUpdateCheck = 1140;
				LastUpgradeCheck = 1140;
				ORGANIZATIONNAME = "Diego Gomes";
				TargetAttributes = {
					585D9A7824657580002C8012 = {
						CreatedOnToolsVersion = 11.4.1;
					};
					585D9A8E24657584002C8012 = {
						CreatedOnToolsVersion = 11.4.1;
						TestTargetID = 585D9A7824657580002C8012;
					};
					585D9A9924657584002C8012 = {
						CreatedOnToolsVersion = 11.4.1;
						TestTargetID = 585D9A7824657580002C8012;
					};
				};
			};
			buildConfigurationList = 585D9A7424657580002C8012 /* Build configuration list for PBXProject "DoggiesApp" */;
			compatibilityVersion = "Xcode 9.3";
			developmentRegion = en;
			hasScannedForEncodings = 0;
			knownRegions = (
				en,
				Base,
			);
			mainGroup = 585D9A7024657580002C8012;
			productRefGroup = 585D9A7A24657580002C8012 /* Products */;
			projectDirPath = "";
			projectRoot = "";
			targets = (
				585D9A7824657580002C8012 /* DoggiesApp */,
				585D9A8E24657584002C8012 /* DoggiesAppTests */,
				585D9A9924657584002C8012 /* DoggiesAppUITests */,
			);
		};
/* End PBXProject section */

/* Begin PBXResourcesBuildPhase section */
		585D9A7724657580002C8012 /* Resources */ = {
			isa = PBXResourcesBuildPhase;
			buildActionMask = 2147483647;
			files = (
				585D9A8924657583002C8012 /* LaunchScreen.storyboard in Resources */,
				585D9A8624657583002C8012 /* Assets.xcassets in Resources */,
				585D9A8424657580002C8012 /* Main.storyboard in Resources */,
			);
			runOnlyForDeploymentPostprocessing = 0;
		};
		585D9A8D24657584002C8012 /* Resources */ = {
			isa = PBXResourcesBuildPhase;
			buildActionMask = 2147483647;
			files = (
			);
			runOnlyForDeploymentPostprocessing = 0;
		};
		585D9A9824657584002C8012 /* Resources */ = {
			isa = PBXResourcesBuildPhase;
			buildActionMask = 2147483647;
			files = (
			);
			runOnlyForDeploymentPostprocessing = 0;
		};
/* End PBXResourcesBuildPhase section */

/* Begin PBXSourcesBuildPhase section */
		585D9A7524657580002C8012 /* Sources */ = {
			isa = PBXSourcesBuildPhase;
			buildActionMask = 2147483647;
			files = (
				585D9A8124657580002C8012 /* ViewController.swift in Sources */,
				5843E0EA2467A4C500E82E90 /* NetworkResponse.swift in Sources */,
				585D9A7D24657580002C8012 /* AppDelegate.swift in Sources */,
				5843E0EB2467A4C500E82E90 /* HTTPMethod.swift in Sources */,
				5843E1012467A6D500E82E90 /* Encodable.swift in Sources */,
				5843E0E62467A4C500E82E90 /* JSONParameterEncoder.swift in Sources */,
				5843E0E42467A4C500E82E90 /* ParameterEncoder.swift in Sources */,
				5843E0E82467A4C500E82E90 /* HTTPTask.swift in Sources */,
				5843E1072467A91700E82E90 /* User.swift in Sources */,
				5843E0E52467A4C500E82E90 /* URLParameterEncoder.swift in Sources */,
				5843E1052467A89E00E82E90 /* Feed.swift in Sources */,
				5843E0EC2467A4C500E82E90 /* EndPointType.swift in Sources */,
				5843E0E72467A4C500E82E90 /* EndPoint.swift in Sources */,
				5843E0E92467A4C500E82E90 /* ServiceLayer.swift in Sources */,
				585D9A7F24657580002C8012 /* SceneDelegate.swift in Sources */,
				5843E0FD2467A68E00E82E90 /* HTTPURLResponse+Extensions.swift in Sources */,
				5843E0ED2467A4C500E82E90 /* Router.swift in Sources */,
			);
			runOnlyForDeploymentPostprocessing = 0;
		};
		585D9A8B24657584002C8012 /* Sources */ = {
			isa = PBXSourcesBuildPhase;
			buildActionMask = 2147483647;
			files = (
				585D9A9424657584002C8012 /* DoggiesAppTests.swift in Sources */,
			);
			runOnlyForDeploymentPostprocessing = 0;
		};
		585D9A9624657584002C8012 /* Sources */ = {
			isa = PBXSourcesBuildPhase;
			buildActionMask = 2147483647;
			files = (
				585D9A9F24657584002C8012 /* DoggiesAppUITests.swift in Sources */,
			);
			runOnlyForDeploymentPostprocessing = 0;
		};
/* End PBXSourcesBuildPhase section */

/* Begin PBXTargetDependency section */
		585D9A9124657584002C8012 /* PBXTargetDependency */ = {
			isa = PBXTargetDependency;
			target = 585D9A7824657580002C8012 /* DoggiesApp */;
			targetProxy = 585D9A9024657584002C8012 /* PBXContainerItemProxy */;
		};
		585D9A9C24657584002C8012 /* PBXTargetDependency */ = {
			isa = PBXTargetDependency;
			target = 585D9A7824657580002C8012 /* DoggiesApp */;
			targetProxy = 585D9A9B24657584002C8012 /* PBXContainerItemProxy */;
		};
/* End PBXTargetDependency section */

/* Begin PBXVariantGroup section */
		585D9A8224657580002C8012 /* Main.storyboard */ = {
			isa = PBXVariantGroup;
			children = (
				585D9A8324657580002C8012 /* Base */,
			);
			name = Main.storyboard;
			sourceTree = "<group>";
		};
		585D9A8724657583002C8012 /* LaunchScreen.storyboard */ = {
			isa = PBXVariantGroup;
			children = (
				585D9A8824657583002C8012 /* Base */,
			);
			name = LaunchScreen.storyboard;
			sourceTree = "<group>";
		};
/* End PBXVariantGroup section */

/* Begin XCBuildConfiguration section */
		585D9AA124657584002C8012 /* Debug */ = {
			isa = XCBuildConfiguration;
			buildSettings = {
				ALWAYS_SEARCH_USER_PATHS = NO;
				CLANG_ANALYZER_NONNULL = YES;
				CLANG_ANALYZER_NUMBER_OBJECT_CONVERSION = YES_AGGRESSIVE;
				CLANG_CXX_LANGUAGE_STANDARD = "gnu++14";
				CLANG_CXX_LIBRARY = "libc++";
				CLANG_ENABLE_MODULES = YES;
				CLANG_ENABLE_OBJC_ARC = YES;
				CLANG_ENABLE_OBJC_WEAK = YES;
				CLANG_WARN_BLOCK_CAPTURE_AUTORELEASING = YES;
				CLANG_WARN_BOOL_CONVERSION = YES;
				CLANG_WARN_COMMA = YES;
				CLANG_WARN_CONSTANT_CONVERSION = YES;
				CLANG_WARN_DEPRECATED_OBJC_IMPLEMENTATIONS = YES;
				CLANG_WARN_DIRECT_OBJC_ISA_USAGE = YES_ERROR;
				CLANG_WARN_DOCUMENTATION_COMMENTS = YES;
				CLANG_WARN_EMPTY_BODY = YES;
				CLANG_WARN_ENUM_CONVERSION = YES;
				CLANG_WARN_INFINITE_RECURSION = YES;
				CLANG_WARN_INT_CONVERSION = YES;
				CLANG_WARN_NON_LITERAL_NULL_CONVERSION = YES;
				CLANG_WARN_OBJC_IMPLICIT_RETAIN_SELF = YES;
				CLANG_WARN_OBJC_LITERAL_CONVERSION = YES;
				CLANG_WARN_OBJC_ROOT_CLASS = YES_ERROR;
				CLANG_WARN_RANGE_LOOP_ANALYSIS = YES;
				CLANG_WARN_STRICT_PROTOTYPES = YES;
				CLANG_WARN_SUSPICIOUS_MOVE = YES;
				CLANG_WARN_UNGUARDED_AVAILABILITY = YES_AGGRESSIVE;
				CLANG_WARN_UNREACHABLE_CODE = YES;
				CLANG_WARN__DUPLICATE_METHOD_MATCH = YES;
				COPY_PHASE_STRIP = NO;
				DEBUG_INFORMATION_FORMAT = dwarf;
				ENABLE_STRICT_OBJC_MSGSEND = YES;
				ENABLE_TESTABILITY = YES;
				GCC_C_LANGUAGE_STANDARD = gnu11;
				GCC_DYNAMIC_NO_PIC = NO;
				GCC_NO_COMMON_BLOCKS = YES;
				GCC_OPTIMIZATION_LEVEL = 0;
				GCC_PREPROCESSOR_DEFINITIONS = (
					"DEBUG=1",
					"$(inherited)",
				);
				GCC_WARN_64_TO_32_BIT_CONVERSION = YES;
				GCC_WARN_ABOUT_RETURN_TYPE = YES_ERROR;
				GCC_WARN_UNDECLARED_SELECTOR = YES;
				GCC_WARN_UNINITIALIZED_AUTOS = YES_AGGRESSIVE;
				GCC_WARN_UNUSED_FUNCTION = YES;
				GCC_WARN_UNUSED_VARIABLE = YES;
				IPHONEOS_DEPLOYMENT_TARGET = 13.4;
				MTL_ENABLE_DEBUG_INFO = INCLUDE_SOURCE;
				MTL_FAST_MATH = YES;
				ONLY_ACTIVE_ARCH = YES;
				SDKROOT = iphoneos;
				SWIFT_ACTIVE_COMPILATION_CONDITIONS = DEBUG;
				SWIFT_OPTIMIZATION_LEVEL = "-Onone";
			};
			name = Debug;
		};
		585D9AA224657584002C8012 /* Release */ = {
			isa = XCBuildConfiguration;
			buildSettings = {
				ALWAYS_SEARCH_USER_PATHS = NO;
				CLANG_ANALYZER_NONNULL = YES;
				CLANG_ANALYZER_NUMBER_OBJECT_CONVERSION = YES_AGGRESSIVE;
				CLANG_CXX_LANGUAGE_STANDARD = "gnu++14";
				CLANG_CXX_LIBRARY = "libc++";
				CLANG_ENABLE_MODULES = YES;
				CLANG_ENABLE_OBJC_ARC = YES;
				CLANG_ENABLE_OBJC_WEAK = YES;
				CLANG_WARN_BLOCK_CAPTURE_AUTORELEASING = YES;
				CLANG_WARN_BOOL_CONVERSION = YES;
				CLANG_WARN_COMMA = YES;
				CLANG_WARN_CONSTANT_CONVERSION = YES;
				CLANG_WARN_DEPRECATED_OBJC_IMPLEMENTATIONS = YES;
				CLANG_WARN_DIRECT_OBJC_ISA_USAGE = YES_ERROR;
				CLANG_WARN_DOCUMENTATION_COMMENTS = YES;
				CLANG_WARN_EMPTY_BODY = YES;
				CLANG_WARN_ENUM_CONVERSION = YES;
				CLANG_WARN_INFINITE_RECURSION = YES;
				CLANG_WARN_INT_CONVERSION = YES;
				CLANG_WARN_NON_LITERAL_NULL_CONVERSION = YES;
				CLANG_WARN_OBJC_IMPLICIT_RETAIN_SELF = YES;
				CLANG_WARN_OBJC_LITERAL_CONVERSION = YES;
				CLANG_WARN_OBJC_ROOT_CLASS = YES_ERROR;
				CLANG_WARN_RANGE_LOOP_ANALYSIS = YES;
				CLANG_WARN_STRICT_PROTOTYPES = YES;
				CLANG_WARN_SUSPICIOUS_MOVE = YES;
				CLANG_WARN_UNGUARDED_AVAILABILITY = YES_AGGRESSIVE;
				CLANG_WARN_UNREACHABLE_CODE = YES;
				CLANG_WARN__DUPLICATE_METHOD_MATCH = YES;
				COPY_PHASE_STRIP = NO;
				DEBUG_INFORMATION_FORMAT = "dwarf-with-dsym";
				ENABLE_NS_ASSERTIONS = NO;
				ENABLE_STRICT_OBJC_MSGSEND = YES;
				GCC_C_LANGUAGE_STANDARD = gnu11;
				GCC_NO_COMMON_BLOCKS = YES;
				GCC_WARN_64_TO_32_BIT_CONVERSION = YES;
				GCC_WARN_ABOUT_RETURN_TYPE = YES_ERROR;
				GCC_WARN_UNDECLARED_SELECTOR = YES;
				GCC_WARN_UNINITIALIZED_AUTOS = YES_AGGRESSIVE;
				GCC_WARN_UNUSED_FUNCTION = YES;
				GCC_WARN_UNUSED_VARIABLE = YES;
				IPHONEOS_DEPLOYMENT_TARGET = 13.4;
				MTL_ENABLE_DEBUG_INFO = NO;
				MTL_FAST_MATH = YES;
				SDKROOT = iphoneos;
				SWIFT_COMPILATION_MODE = wholemodule;
				SWIFT_OPTIMIZATION_LEVEL = "-O";
				VALIDATE_PRODUCT = YES;
			};
			name = Release;
		};
		585D9AA424657584002C8012 /* Debug */ = {
			isa = XCBuildConfiguration;
			buildSettings = {
				ASSETCATALOG_COMPILER_APPICON_NAME = AppIcon;
				CODE_SIGN_STYLE = Automatic;
				DEVELOPMENT_TEAM = Z9UL6YNXSQ;
				INFOPLIST_FILE = DoggiesApp/Info.plist;
				IPHONEOS_DEPLOYMENT_TARGET = 9.0;
				LD_RUNPATH_SEARCH_PATHS = (
					"$(inherited)",
					"@executable_path/Frameworks",
				);
				PRODUCT_BUNDLE_IDENTIFIER = br.com.DoggiesApp;
				PRODUCT_NAME = "$(TARGET_NAME)";
				SWIFT_VERSION = 5.0;
				TARGETED_DEVICE_FAMILY = "1,2";
			};
			name = Debug;
		};
		585D9AA524657584002C8012 /* Release */ = {
			isa = XCBuildConfiguration;
			buildSettings = {
				ASSETCATALOG_COMPILER_APPICON_NAME = AppIcon;
				CODE_SIGN_STYLE = Automatic;
				DEVELOPMENT_TEAM = Z9UL6YNXSQ;
				INFOPLIST_FILE = DoggiesApp/Info.plist;
				IPHONEOS_DEPLOYMENT_TARGET = 9.0;
				LD_RUNPATH_SEARCH_PATHS = (
					"$(inherited)",
					"@executable_path/Frameworks",
				);
				PRODUCT_BUNDLE_IDENTIFIER = br.com.DoggiesApp;
				PRODUCT_NAME = "$(TARGET_NAME)";
				SWIFT_VERSION = 5.0;
				TARGETED_DEVICE_FAMILY = "1,2";
			};
			name = Release;
		};
		585D9AA724657584002C8012 /* Debug */ = {
			isa = XCBuildConfiguration;
			buildSettings = {
				ALWAYS_EMBED_SWIFT_STANDARD_LIBRARIES = YES;
				BUNDLE_LOADER = "$(TEST_HOST)";
				CODE_SIGN_STYLE = Automatic;
				DEVELOPMENT_TEAM = Z9UL6YNXSQ;
				INFOPLIST_FILE = DoggiesAppTests/Info.plist;
				IPHONEOS_DEPLOYMENT_TARGET = 13.4;
				LD_RUNPATH_SEARCH_PATHS = (
					"$(inherited)",
					"@executable_path/Frameworks",
					"@loader_path/Frameworks",
				);
				PRODUCT_BUNDLE_IDENTIFIER = br.com.DoggiesAppTests;
				PRODUCT_NAME = "$(TARGET_NAME)";
				SWIFT_VERSION = 5.0;
				TARGETED_DEVICE_FAMILY = "1,2";
				TEST_HOST = "$(BUILT_PRODUCTS_DIR)/DoggiesApp.app/DoggiesApp";
			};
			name = Debug;
		};
		585D9AA824657584002C8012 /* Release */ = {
			isa = XCBuildConfiguration;
			buildSettings = {
				ALWAYS_EMBED_SWIFT_STANDARD_LIBRARIES = YES;
				BUNDLE_LOADER = "$(TEST_HOST)";
				CODE_SIGN_STYLE = Automatic;
				DEVELOPMENT_TEAM = Z9UL6YNXSQ;
				INFOPLIST_FILE = DoggiesAppTests/Info.plist;
				IPHONEOS_DEPLOYMENT_TARGET = 13.4;
				LD_RUNPATH_SEARCH_PATHS = (
					"$(inherited)",
					"@executable_path/Frameworks",
					"@loader_path/Frameworks",
				);
				PRODUCT_BUNDLE_IDENTIFIER = br.com.DoggiesAppTests;
				PRODUCT_NAME = "$(TARGET_NAME)";
				SWIFT_VERSION = 5.0;
				TARGETED_DEVICE_FAMILY = "1,2";
				TEST_HOST = "$(BUILT_PRODUCTS_DIR)/DoggiesApp.app/DoggiesApp";
			};
			name = Release;
		};
		585D9AAA24657584002C8012 /* Debug */ = {
			isa = XCBuildConfiguration;
			buildSettings = {
				ALWAYS_EMBED_SWIFT_STANDARD_LIBRARIES = YES;
				CODE_SIGN_STYLE = Automatic;
				DEVELOPMENT_TEAM = Z9UL6YNXSQ;
				INFOPLIST_FILE = DoggiesAppUITests/Info.plist;
				LD_RUNPATH_SEARCH_PATHS = (
					"$(inherited)",
					"@executable_path/Frameworks",
					"@loader_path/Frameworks",
				);
				PRODUCT_BUNDLE_IDENTIFIER = br.com.DoggiesAppUITests;
				PRODUCT_NAME = "$(TARGET_NAME)";
				SWIFT_VERSION = 5.0;
				TARGETED_DEVICE_FAMILY = "1,2";
				TEST_TARGET_NAME = DoggiesApp;
			};
			name = Debug;
		};
		585D9AAB24657584002C8012 /* Release */ = {
			isa = XCBuildConfiguration;
			buildSettings = {
				ALWAYS_EMBED_SWIFT_STANDARD_LIBRARIES = YES;
				CODE_SIGN_STYLE = Automatic;
				DEVELOPMENT_TEAM = Z9UL6YNXSQ;
				INFOPLIST_FILE = DoggiesAppUITests/Info.plist;
				LD_RUNPATH_SEARCH_PATHS = (
					"$(inherited)",
					"@executable_path/Frameworks",
					"@loader_path/Frameworks",
				);
				PRODUCT_BUNDLE_IDENTIFIER = br.com.DoggiesAppUITests;
				PRODUCT_NAME = "$(TARGET_NAME)";
				SWIFT_VERSION = 5.0;
				TARGETED_DEVICE_FAMILY = "1,2";
				TEST_TARGET_NAME = DoggiesApp;
			};
			name = Release;
		};
/* End XCBuildConfiguration section */

/* Begin XCConfigurationList section */
		585D9A7424657580002C8012 /* Build configuration list for PBXProject "DoggiesApp" */ = {
			isa = XCConfigurationList;
			buildConfigurations = (
				585D9AA124657584002C8012 /* Debug */,
				585D9AA224657584002C8012 /* Release */,
			);
			defaultConfigurationIsVisible = 0;
			defaultConfigurationName = Release;
		};
		585D9AA324657584002C8012 /* Build configuration list for PBXNativeTarget "DoggiesApp" */ = {
			isa = XCConfigurationList;
			buildConfigurations = (
				585D9AA424657584002C8012 /* Debug */,
				585D9AA524657584002C8012 /* Release */,
			);
			defaultConfigurationIsVisible = 0;
			defaultConfigurationName = Release;
		};
		585D9AA624657584002C8012 /* Build configuration list for PBXNativeTarget "DoggiesAppTests" */ = {
			isa = XCConfigurationList;
			buildConfigurations = (
				585D9AA724657584002C8012 /* Debug */,
				585D9AA824657584002C8012 /* Release */,
			);
			defaultConfigurationIsVisible = 0;
			defaultConfigurationName = Release;
		};
		585D9AA924657584002C8012 /* Build configuration list for PBXNativeTarget "DoggiesAppUITests" */ = {
			isa = XCConfigurationList;
			buildConfigurations = (
				585D9AAA24657584002C8012 /* Debug */,
				585D9AAB24657584002C8012 /* Release */,
			);
			defaultConfigurationIsVisible = 0;
			defaultConfigurationName = Release;
		};
/* End XCConfigurationList section */
	};
	rootObject = 585D9A7124657580002C8012 /* Project object */;
}
